// !$*UTF8*$!
{
	archiveVersion = 1;
	classes = {
	};
	objectVersion = 50;
	objects = {

/* Begin PBXBuildFile section */
		3DEA3F6C2715A98100C87113 /* AppDelegate.swift in Sources */ = {isa = PBXBuildFile; fileRef = 3DEA3F6B2715A98100C87113 /* AppDelegate.swift */; };
		3DEA3F6E2715A98100C87113 /* SceneDelegate.swift in Sources */ = {isa = PBXBuildFile; fileRef = 3DEA3F6D2715A98100C87113 /* SceneDelegate.swift */; };
		3DEA3F702715A98100C87113 /* ViewController.swift in Sources */ = {isa = PBXBuildFile; fileRef = 3DEA3F6F2715A98100C87113 /* ViewController.swift */; };
		3DEA3F732715A98100C87113 /* Main.storyboard in Resources */ = {isa = PBXBuildFile; fileRef = 3DEA3F712715A98100C87113 /* Main.storyboard */; };
		3DEA3F752715A98300C87113 /* Assets.xcassets in Resources */ = {isa = PBXBuildFile; fileRef = 3DEA3F742715A98300C87113 /* Assets.xcassets */; };
		3DEA3F782715A98300C87113 /* LaunchScreen.storyboard in Resources */ = {isa = PBXBuildFile; fileRef = 3DEA3F762715A98300C87113 /* LaunchScreen.storyboard */; };
		3DEA3F832715A98400C87113 /* WebwarePayTests.swift in Sources */ = {isa = PBXBuildFile; fileRef = 3DEA3F822715A98400C87113 /* WebwarePayTests.swift */; };
		3DEA3F8E2715A98400C87113 /* WebwarePayUITests.swift in Sources */ = {isa = PBXBuildFile; fileRef = 3DEA3F8D2715A98400C87113 /* WebwarePayUITests.swift */; };
/* End PBXBuildFile section */

/* Begin PBXContainerItemProxy section */
		3DEA3F7F2715A98400C87113 /* PBXContainerItemProxy */ = {
			isa = PBXContainerItemProxy;
			containerPortal = 3DEA3F602715A98100C87113 /* Project object */;
			proxyType = 1;
			remoteGlobalIDString = 3DEA3F672715A98100C87113;
			remoteInfo = WebwarePay;
		};
		3DEA3F8A2715A98400C87113 /* PBXContainerItemProxy */ = {
			isa = PBXContainerItemProxy;
			containerPortal = 3DEA3F602715A98100C87113 /* Project object */;
			proxyType = 1;
			remoteGlobalIDString = 3DEA3F672715A98100C87113;
			remoteInfo = WebwarePay;
		};
/* End PBXContainerItemProxy section */

/* Begin PBXFileReference section */
		3DEA3F682715A98100C87113 /* WebwarePay.app */ = {isa = PBXFileReference; explicitFileType = wrapper.application; includeInIndex = 0; path = WebwarePay.app; sourceTree = BUILT_PRODUCTS_DIR; };
		3DEA3F6B2715A98100C87113 /* AppDelegate.swift */ = {isa = PBXFileReference; lastKnownFileType = sourcecode.swift; path = AppDelegate.swift; sourceTree = "<group>"; };
		3DEA3F6D2715A98100C87113 /* SceneDelegate.swift */ = {isa = PBXFileReference; lastKnownFileType = sourcecode.swift; path = SceneDelegate.swift; sourceTree = "<group>"; };
		3DEA3F6F2715A98100C87113 /* ViewController.swift */ = {isa = PBXFileReference; lastKnownFileType = sourcecode.swift; path = ViewController.swift; sourceTree = "<group>"; };
		3DEA3F722715A98100C87113 /* Base */ = {isa = PBXFileReference; lastKnownFileType = file.storyboard; name = Base; path = Base.lproj/Main.storyboard; sourceTree = "<group>"; };
		3DEA3F742715A98300C87113 /* Assets.xcassets */ = {isa = PBXFileReference; lastKnownFileType = folder.assetcatalog; path = Assets.xcassets; sourceTree = "<group>"; };
		3DEA3F772715A98300C87113 /* Base */ = {isa = PBXFileReference; lastKnownFileType = file.storyboard; name = Base; path = Base.lproj/LaunchScreen.storyboard; sourceTree = "<group>"; };
		3DEA3F792715A98300C87113 /* Info.plist */ = {isa = PBXFileReference; lastKnownFileType = text.plist.xml; path = Info.plist; sourceTree = "<group>"; };
		3DEA3F7E2715A98400C87113 /* WebwarePayTests.xctest */ = {isa = PBXFileReference; explicitFileType = wrapper.cfbundle; includeInIndex = 0; path = WebwarePayTests.xctest; sourceTree = BUILT_PRODUCTS_DIR; };
		3DEA3F822715A98400C87113 /* WebwarePayTests.swift */ = {isa = PBXFileReference; lastKnownFileType = sourcecode.swift; path = WebwarePayTests.swift; sourceTree = "<group>"; };
		3DEA3F842715A98400C87113 /* Info.plist */ = {isa = PBXFileReference; lastKnownFileType = text.plist.xml; path = Info.plist; sourceTree = "<group>"; };
		3DEA3F892715A98400C87113 /* WebwarePayUITests.xctest */ = {isa = PBXFileReference; explicitFileType = wrapper.cfbundle; includeInIndex = 0; path = WebwarePayUITests.xctest; sourceTree = BUILT_PRODUCTS_DIR; };
		3DEA3F8D2715A98400C87113 /* WebwarePayUITests.swift */ = {isa = PBXFileReference; lastKnownFileType = sourcecode.swift; path = WebwarePayUITests.swift; sourceTree = "<group>"; };
		3DEA3F8F2715A98400C87113 /* Info.plist */ = {isa = PBXFileReference; lastKnownFileType = text.plist.xml; path = Info.plist; sourceTree = "<group>"; };
/* End PBXFileReference section */

/* Begin PBXFrameworksBuildPhase section */
		3DEA3F652715A98100C87113 /* Frameworks */ = {
			isa = PBXFrameworksBuildPhase;
			buildActionMask = 2147483647;
			files = (
			);
			runOnlyForDeploymentPostprocessing = 0;
		};
		3DEA3F7B2715A98400C87113 /* Frameworks */ = {
			isa = PBXFrameworksBuildPhase;
			buildActionMask = 2147483647;
			files = (
			);
			runOnlyForDeploymentPostprocessing = 0;
		};
		3DEA3F862715A98400C87113 /* Frameworks */ = {
			isa = PBXFrameworksBuildPhase;
			buildActionMask = 2147483647;
			files = (
			);
			runOnlyForDeploymentPostprocessing = 0;
		};
/* End PBXFrameworksBuildPhase section */

/* Begin PBXGroup section */
		3DEA3F5F2715A98100C87113 = {
			isa = PBXGroup;
			children = (
				3DEA3F6A2715A98100C87113 /* WebwarePay */,
				3DEA3F812715A98400C87113 /* WebwarePayTests */,
				3DEA3F8C2715A98400C87113 /* WebwarePayUITests */,
				3DEA3F692715A98100C87113 /* Products */,
			);
			sourceTree = "<group>";
		};
		3DEA3F692715A98100C87113 /* Products */ = {
			isa = PBXGroup;
			children = (
				3DEA3F682715A98100C87113 /* WebwarePay.app */,
				3DEA3F7E2715A98400C87113 /* WebwarePayTests.xctest */,
				3DEA3F892715A98400C87113 /* WebwarePayUITests.xctest */,
			);
			name = Products;
			sourceTree = "<group>";
		};
		3DEA3F6A2715A98100C87113 /* WebwarePay */ = {
			isa = PBXGroup;
			children = (
				3DEA3F6B2715A98100C87113 /* AppDelegate.swift */,
				3DEA3F6D2715A98100C87113 /* SceneDelegate.swift */,
				3DEA3F6F2715A98100C87113 /* ViewController.swift */,
				3DEA3F712715A98100C87113 /* Main.storyboard */,
				3DEA3F742715A98300C87113 /* Assets.xcassets */,
				3DEA3F762715A98300C87113 /* LaunchScreen.storyboard */,
				3DEA3F792715A98300C87113 /* Info.plist */,
			);
			path = WebwarePay;
			sourceTree = "<group>";
		};
		3DEA3F812715A98400C87113 /* WebwarePayTests */ = {
			isa = PBXGroup;
			children = (
				3DEA3F822715A98400C87113 /* WebwarePayTests.swift */,
				3DEA3F842715A98400C87113 /* Info.plist */,
			);
			path = WebwarePayTests;
			sourceTree = "<group>";
		};
		3DEA3F8C2715A98400C87113 /* WebwarePayUITests */ = {
			isa = PBXGroup;
			children = (
				3DEA3F8D2715A98400C87113 /* WebwarePayUITests.swift */,
				3DEA3F8F2715A98400C87113 /* Info.plist */,
			);
			path = WebwarePayUITests;
			sourceTree = "<group>";
		};
/* End PBXGroup section */

/* Begin PBXNativeTarget section */
		3DEA3F672715A98100C87113 /* WebwarePay */ = {
			isa = PBXNativeTarget;
			buildConfigurationList = 3DEA3F922715A98400C87113 /* Build configuration list for PBXNativeTarget "WebwarePay" */;
			buildPhases = (
				3DEA3F642715A98100C87113 /* Sources */,
				3DEA3F652715A98100C87113 /* Frameworks */,
				3DEA3F662715A98100C87113 /* Resources */,
			);
			buildRules = (
			);
			dependencies = (
			);
			name = WebwarePay;
			productName = WebwarePay;
			productReference = 3DEA3F682715A98100C87113 /* WebwarePay.app */;
			productType = "com.apple.product-type.application";
		};
		3DEA3F7D2715A98400C87113 /* WebwarePayTests */ = {
			isa = PBXNativeTarget;
			buildConfigurationList = 3DEA3F952715A98400C87113 /* Build configuration list for PBXNativeTarget "WebwarePayTests" */;
			buildPhases = (
				3DEA3F7A2715A98400C87113 /* Sources */,
				3DEA3F7B2715A98400C87113 /* Frameworks */,
				3DEA3F7C2715A98400C87113 /* Resources */,
			);
			buildRules = (
			);
			dependencies = (
				3DEA3F802715A98400C87113 /* PBXTargetDependency */,
			);
			name = WebwarePayTests;
			productName = WebwarePayTests;
			productReference = 3DEA3F7E2715A98400C87113 /* WebwarePayTests.xctest */;
			productType = "com.apple.product-type.bundle.unit-test";
		};
		3DEA3F882715A98400C87113 /* WebwarePayUITests */ = {
			isa = PBXNativeTarget;
			buildConfigurationList = 3DEA3F982715A98400C87113 /* Build configuration list for PBXNativeTarget "WebwarePayUITests" */;
			buildPhases = (
				3DEA3F852715A98400C87113 /* Sources */,
				3DEA3F862715A98400C87113 /* Frameworks */,
				3DEA3F872715A98400C87113 /* Resources */,
			);
			buildRules = (
			);
			dependencies = (
				3DEA3F8B2715A98400C87113 /* PBXTargetDependency */,
			);
			name = WebwarePayUITests;
			productName = WebwarePayUITests;
			productReference = 3DEA3F892715A98400C87113 /* WebwarePayUITests.xctest */;
			productType = "com.apple.product-type.bundle.ui-testing";
		};
/* End PBXNativeTarget section */

/* Begin PBXProject section */
		3DEA3F602715A98100C87113 /* Project object */ = {
			isa = PBXProject;
			attributes = {
				LastSwiftUpdateCheck = 1250;
				LastUpgradeCheck = 1250;
				TargetAttributes = {
					3DEA3F672715A98100C87113 = {
						CreatedOnToolsVersion = 12.5.1;
					};
					3DEA3F7D2715A98400C87113 = {
						CreatedOnToolsVersion = 12.5.1;
						TestTargetID = 3DEA3F672715A98100C87113;
					};
					3DEA3F882715A98400C87113 = {
						CreatedOnToolsVersion = 12.5.1;
						TestTargetID = 3DEA3F672715A98100C87113;
					};
				};
			};
			buildConfigurationList = 3DEA3F632715A98100C87113 /* Build configuration list for PBXProject "WebwarePay" */;
			compatibilityVersion = "Xcode 9.3";
			developmentRegion = en;
			hasScannedForEncodings = 0;
			knownRegions = (
				en,
				Base,
			);
			mainGroup = 3DEA3F5F2715A98100C87113;
			productRefGroup = 3DEA3F692715A98100C87113 /* Products */;
			projectDirPath = "";
			projectRoot = "";
			targets = (
				3DEA3F672715A98100C87113 /* WebwarePay */,
				3DEA3F7D2715A98400C87113 /* WebwarePayTests */,
				3DEA3F882715A98400C87113 /* WebwarePayUITests */,
			);
		};
/* End PBXProject section */

/* Begin PBXResourcesBuildPhase section */
		3DEA3F662715A98100C87113 /* Resources */ = {
			isa = PBXResourcesBuildPhase;
			buildActionMask = 2147483647;
			files = (
				3DEA3F782715A98300C87113 /* LaunchScreen.storyboard in Resources */,
				3DEA3F752715A98300C87113 /* Assets.xcassets in Resources */,
				3DEA3F732715A98100C87113 /* Main.storyboard in Resources */,
			);
			runOnlyForDeploymentPostprocessing = 0;
		};
		3DEA3F7C2715A98400C87113 /* Resources */ = {
			isa = PBXResourcesBuildPhase;
			buildActionMask = 2147483647;
			files = (
			);
			runOnlyForDeploymentPostprocessing = 0;
		};
		3DEA3F872715A98400C87113 /* Resources */ = {
			isa = PBXResourcesBuildPhase;
			buildActionMask = 2147483647;
			files = (
			);
			runOnlyForDeploymentPostprocessing = 0;
		};
/* End PBXResourcesBuildPhase section */

/* Begin PBXSourcesBuildPhase section */
		3DEA3F642715A98100C87113 /* Sources */ = {
			isa = PBXSourcesBuildPhase;
			buildActionMask = 2147483647;
			files = (
				3DEA3F702715A98100C87113 /* ViewController.swift in Sources */,
				3DEA3F6C2715A98100C87113 /* AppDelegate.swift in Sources */,
				3DEA3F6E2715A98100C87113 /* SceneDelegate.swift in Sources */,
			);
			runOnlyForDeploymentPostprocessing = 0;
		};
		3DEA3F7A2715A98400C87113 /* Sources */ = {
			isa = PBXSourcesBuildPhase;
			buildActionMask = 2147483647;
			files = (
				3DEA3F832715A98400C87113 /* WebwarePayTests.swift in Sources */,
			);
			runOnlyForDeploymentPostprocessing = 0;
		};
		3DEA3F852715A98400C87113 /* Sources */ = {
			isa = PBXSourcesBuildPhase;
			buildActionMask = 2147483647;
			files = (
				3DEA3F8E2715A98400C87113 /* WebwarePayUITests.swift in Sources */,
			);
			runOnlyForDeploymentPostprocessing = 0;
		};
/* End PBXSourcesBuildPhase section */

/* Begin PBXTargetDependency section */
		3DEA3F802715A98400C87113 /* PBXTargetDependency */ = {
			isa = PBXTargetDependency;
			target = 3DEA3F672715A98100C87113 /* WebwarePay */;
			targetProxy = 3DEA3F7F2715A98400C87113 /* PBXContainerItemProxy */;
		};
		3DEA3F8B2715A98400C87113 /* PBXTargetDependency */ = {
			isa = PBXTargetDependency;
			target = 3DEA3F672715A98100C87113 /* WebwarePay */;
			targetProxy = 3DEA3F8A2715A98400C87113 /* PBXContainerItemProxy */;
		};
/* End PBXTargetDependency section */

/* Begin PBXVariantGroup section */
		3DEA3F712715A98100C87113 /* Main.storyboard */ = {
			isa = PBXVariantGroup;
			children = (
				3DEA3F722715A98100C87113 /* Base */,
			);
			name = Main.storyboard;
			sourceTree = "<group>";
		};
		3DEA3F762715A98300C87113 /* LaunchScreen.storyboard */ = {
			isa = PBXVariantGroup;
			children = (
				3DEA3F772715A98300C87113 /* Base */,
			);
			name = LaunchScreen.storyboard;
			sourceTree = "<group>";
		};
/* End PBXVariantGroup section */

/* Begin XCBuildConfiguration section */
		3DEA3F902715A98400C87113 /* Debug */ = {
			isa = XCBuildConfiguration;
			buildSettings = {
				ALWAYS_SEARCH_USER_PATHS = NO;
				CLANG_ANALYZER_NONNULL = YES;
				CLANG_ANALYZER_NUMBER_OBJECT_CONVERSION = YES_AGGRESSIVE;
				CLANG_CXX_LANGUAGE_STANDARD = "gnu++14";
				CLANG_CXX_LIBRARY = "libc++";
				CLANG_ENABLE_MODULES = YES;
				CLANG_ENABLE_OBJC_ARC = YES;
				CLANG_ENABLE_OBJC_WEAK = YES;
				CLANG_WARN_BLOCK_CAPTURE_AUTORELEASING = YES;
				CLANG_WARN_BOOL_CONVERSION = YES;
				CLANG_WARN_COMMA = YES;
				CLANG_WARN_CONSTANT_CONVERSION = YES;
				CLANG_WARN_DEPRECATED_OBJC_IMPLEMENTATIONS = YES;
				CLANG_WARN_DIRECT_OBJC_ISA_USAGE = YES_ERROR;
				CLANG_WARN_DOCUMENTATION_COMMENTS = YES;
				CLANG_WARN_EMPTY_BODY = YES;
				CLANG_WARN_ENUM_CONVERSION = YES;
				CLANG_WARN_INFINITE_RECURSION = YES;
				CLANG_WARN_INT_CONVERSION = YES;
				CLANG_WARN_NON_LITERAL_NULL_CONVERSION = YES;
				CLANG_WARN_OBJC_IMPLICIT_RETAIN_SELF = YES;
				CLANG_WARN_OBJC_LITERAL_CONVERSION = YES;
				CLANG_WARN_OBJC_ROOT_CLASS = YES_ERROR;
				CLANG_WARN_QUOTED_INCLUDE_IN_FRAMEWORK_HEADER = YES;
				CLANG_WARN_RANGE_LOOP_ANALYSIS = YES;
				CLANG_WARN_STRICT_PROTOTYPES = YES;
				CLANG_WARN_SUSPICIOUS_MOVE = YES;
				CLANG_WARN_UNGUARDED_AVAILABILITY = YES_AGGRESSIVE;
				CLANG_WARN_UNREACHABLE_CODE = YES;
				CLANG_WARN__DUPLICATE_METHOD_MATCH = YES;
				COPY_PHASE_STRIP = NO;
				DEBUG_INFORMATION_FORMAT = dwarf;
				ENABLE_STRICT_OBJC_MSGSEND = YES;
				ENABLE_TESTABILITY = YES;
				GCC_C_LANGUAGE_STANDARD = gnu11;
				GCC_DYNAMIC_NO_PIC = NO;
				GCC_NO_COMMON_BLOCKS = YES;
				GCC_OPTIMIZATION_LEVEL = 0;
				GCC_PREPROCESSOR_DEFINITIONS = (
					"DEBUG=1",
					"$(inherited)",
				);
				GCC_WARN_64_TO_32_BIT_CONVERSION = YES;
				GCC_WARN_ABOUT_RETURN_TYPE = YES_ERROR;
				GCC_WARN_UNDECLARED_SELECTOR = YES;
				GCC_WARN_UNINITIALIZED_AUTOS = YES_AGGRESSIVE;
				GCC_WARN_UNUSED_FUNCTION = YES;
				GCC_WARN_UNUSED_VARIABLE = YES;
				IPHONEOS_DEPLOYMENT_TARGET = 14.5;
				MTL_ENABLE_DEBUG_INFO = INCLUDE_SOURCE;
				MTL_FAST_MATH = YES;
				ONLY_ACTIVE_ARCH = YES;
				SDKROOT = iphoneos;
				SWIFT_ACTIVE_COMPILATION_CONDITIONS = DEBUG;
				SWIFT_OPTIMIZATION_LEVEL = "-Onone";
			};
			name = Debug;
		};
		3DEA3F912715A98400C87113 /* Release */ = {
			isa = XCBuildConfiguration;
			buildSettings = {
				ALWAYS_SEARCH_USER_PATHS = NO;
				CLANG_ANALYZER_NONNULL = YES;
				CLANG_ANALYZER_NUMBER_OBJECT_CONVERSION = YES_AGGRESSIVE;
				CLANG_CXX_LANGUAGE_STANDARD = "gnu++14";
				CLANG_CXX_LIBRARY = "libc++";
				CLANG_ENABLE_MODULES = YES;
				CLANG_ENABLE_OBJC_ARC = YES;
				CLANG_ENABLE_OBJC_WEAK = YES;
				CLANG_WARN_BLOCK_CAPTURE_AUTORELEASING = YES;
				CLANG_WARN_BOOL_CONVERSION = YES;
				CLANG_WARN_COMMA = YES;
				CLANG_WARN_CONSTANT_CONVERSION = YES;
				CLANG_WARN_DEPRECATED_OBJC_IMPLEMENTATIONS = YES;
				CLANG_WARN_DIRECT_OBJC_ISA_USAGE = YES_ERROR;
				CLANG_WARN_DOCUMENTATION_COMMENTS = YES;
				CLANG_WARN_EMPTY_BODY = YES;
				CLANG_WARN_ENUM_CONVERSION = YES;
				CLANG_WARN_INFINITE_RECURSION = YES;
				CLANG_WARN_INT_CONVERSION = YES;
				CLANG_WARN_NON_LITERAL_NULL_CONVERSION = YES;
				CLANG_WARN_OBJC_IMPLICIT_RETAIN_SELF = YES;
				CLANG_WARN_OBJC_LITERAL_CONVERSION = YES;
				CLANG_WARN_OBJC_ROOT_CLASS = YES_ERROR;
				CLANG_WARN_QUOTED_INCLUDE_IN_FRAMEWORK_HEADER = YES;
				CLANG_WARN_RANGE_LOOP_ANALYSIS = YES;
				CLANG_WARN_STRICT_PROTOTYPES = YES;
				CLANG_WARN_SUSPICIOUS_MOVE = YES;
				CLANG_WARN_UNGUARDED_AVAILABILITY = YES_AGGRESSIVE;
				CLANG_WARN_UNREACHABLE_CODE = YES;
				CLANG_WARN__DUPLICATE_METHOD_MATCH = YES;
				COPY_PHASE_STRIP = NO;
				DEBUG_INFORMATION_FORMAT = "dwarf-with-dsym";
				ENABLE_NS_ASSERTIONS = NO;
				ENABLE_STRICT_OBJC_MSGSEND = YES;
				GCC_C_LANGUAGE_STANDARD = gnu11;
				GCC_NO_COMMON_BLOCKS = YES;
				GCC_WARN_64_TO_32_BIT_CONVERSION = YES;
				GCC_WARN_ABOUT_RETURN_TYPE = YES_ERROR;
				GCC_WARN_UNDECLARED_SELECTOR = YES;
				GCC_WARN_UNINITIALIZED_AUTOS = YES_AGGRESSIVE;
				GCC_WARN_UNUSED_FUNCTION = YES;
				GCC_WARN_UNUSED_VARIABLE = YES;
				IPHONEOS_DEPLOYMENT_TARGET = 14.5;
				MTL_ENABLE_DEBUG_INFO = NO;
				MTL_FAST_MATH = YES;
				SDKROOT = iphoneos;
				SWIFT_COMPILATION_MODE = wholemodule;
				SWIFT_OPTIMIZATION_LEVEL = "-O";
				VALIDATE_PRODUCT = YES;
			};
			name = Release;
		};
		3DEA3F932715A98400C87113 /* Debug */ = {
			isa = XCBuildConfiguration;
			buildSettings = {
				ASSETCATALOG_COMPILER_APPICON_NAME = AppIcon;
				ASSETCATALOG_COMPILER_GLOBAL_ACCENT_COLOR_NAME = AccentColor;
				CODE_SIGN_STYLE = Automatic;
				INFOPLIST_FILE = WebwarePay/Info.plist;
				LD_RUNPATH_SEARCH_PATHS = (
					"$(inherited)",
					"@executable_path/Frameworks",
				);
				PRODUCT_BUNDLE_IDENTIFIER = io.webware.WebwarePay.WebwarePay;
				PRODUCT_NAME = "$(TARGET_NAME)";
				SWIFT_VERSION = 5.0;
				TARGETED_DEVICE_FAMILY = "1,2";
			};
			name = Debug;
		};
		3DEA3F942715A98400C87113 /* Release */ = {
			isa = XCBuildConfiguration;
			buildSettings = {
				ASSETCATALOG_COMPILER_APPICON_NAME = AppIcon;
				ASSETCATALOG_COMPILER_GLOBAL_ACCENT_COLOR_NAME = AccentColor;
				CODE_SIGN_STYLE = Automatic;
				INFOPLIST_FILE = WebwarePay/Info.plist;
				LD_RUNPATH_SEARCH_PATHS = (
					"$(inherited)",
					"@executable_path/Frameworks",
				);
				PRODUCT_BUNDLE_IDENTIFIER = io.webware.WebwarePay.WebwarePay;
				PRODUCT_NAME = "$(TARGET_NAME)";
				SWIFT_VERSION = 5.0;
				TARGETED_DEVICE_FAMILY = "1,2";
			};
			name = Release;
		};
		3DEA3F962715A98400C87113 /* Debug */ = {
			isa = XCBuildConfiguration;
			buildSettings = {
				ALWAYS_EMBED_SWIFT_STANDARD_LIBRARIES = YES;
				BUNDLE_LOADER = "$(TEST_HOST)";
				CODE_SIGN_STYLE = Automatic;
				INFOPLIST_FILE = WebwarePayTests/Info.plist;
				IPHONEOS_DEPLOYMENT_TARGET = 14.5;
				LD_RUNPATH_SEARCH_PATHS = (
					"$(inherited)",
					"@executable_path/Frameworks",
					"@loader_path/Frameworks",
				);
				PRODUCT_BUNDLE_IDENTIFIER = io.webware.WebwarePay.WebwarePayTests;
				PRODUCT_NAME = "$(TARGET_NAME)";
				SWIFT_VERSION = 5.0;
				TARGETED_DEVICE_FAMILY = "1,2";
				TEST_HOST = "$(BUILT_PRODUCTS_DIR)/WebwarePay.app/WebwarePay";
			};
			name = Debug;
		};
		3DEA3F972715A98400C87113 /* Release */ = {
			isa = XCBuildConfiguration;
			buildSettings = {
				ALWAYS_EMBED_SWIFT_STANDARD_LIBRARIES = YES;
				BUNDLE_LOADER = "$(TEST_HOST)";
				CODE_SIGN_STYLE = Automatic;
				INFOPLIST_FILE = WebwarePayTests/Info.plist;
				IPHONEOS_DEPLOYMENT_TARGET = 14.5;
				LD_RUNPATH_SEARCH_PATHS = (
					"$(inherited)",
					"@executable_path/Frameworks",
					"@loader_path/Frameworks",
				);
				PRODUCT_BUNDLE_IDENTIFIER = io.webware.WebwarePay.WebwarePayTests;
				PRODUCT_NAME = "$(TARGET_NAME)";
				SWIFT_VERSION = 5.0;
				TARGETED_DEVICE_FAMILY = "1,2";
				TEST_HOST = "$(BUILT_PRODUCTS_DIR)/WebwarePay.app/WebwarePay";
			};
			name = Release;
		};
		3DEA3F992715A98400C87113 /* Debug */ = {
			isa = XCBuildConfiguration;
			buildSettings = {
				ALWAYS_EMBED_SWIFT_STANDARD_LIBRARIES = YES;
				CODE_SIGN_STYLE = Automatic;
				INFOPLIST_FILE = WebwarePayUITests/Info.plist;
				LD_RUNPATH_SEARCH_PATHS = (
					"$(inherited)",
					"@executable_path/Frameworks",
					"@loader_path/Frameworks",
				);
				PRODUCT_BUNDLE_IDENTIFIER = io.webware.WebwarePay.WebwarePayUITests;
				PRODUCT_NAME = "$(TARGET_NAME)";
				SWIFT_VERSION = 5.0;
				TARGETED_DEVICE_FAMILY = "1,2";
				TEST_TARGET_NAME = WebwarePay;
			};
			name = Debug;
		};
		3DEA3F9A2715A98400C87113 /* Release */ = {
			isa = XCBuildConfiguration;
			buildSettings = {
				ALWAYS_EMBED_SWIFT_STANDARD_LIBRARIES = YES;
				CODE_SIGN_STYLE = Automatic;
				INFOPLIST_FILE = WebwarePayUITests/Info.plist;
				LD_RUNPATH_SEARCH_PATHS = (
					"$(inherited)",
					"@executable_path/Frameworks",
					"@loader_path/Frameworks",
				);
				PRODUCT_BUNDLE_IDENTIFIER = io.webware.WebwarePay.WebwarePayUITests;
				PRODUCT_NAME = "$(TARGET_NAME)";
				SWIFT_VERSION = 5.0;
				TARGETED_DEVICE_FAMILY = "1,2";
				TEST_TARGET_NAME = WebwarePay;
			};
			name = Release;
		};
/* End XCBuildConfiguration section */

/* Begin XCConfigurationList section */
		3DEA3F632715A98100C87113 /* Build configuration list for PBXProject "WebwarePay" */ = {
			isa = XCConfigurationList;
			buildConfigurations = (
				3DEA3F902715A98400C87113 /* Debug */,
				3DEA3F912715A98400C87113 /* Release */,
			);
			defaultConfigurationIsVisible = 0;
			defaultConfigurationName = Release;
		};
		3DEA3F922715A98400C87113 /* Build configuration list for PBXNativeTarget "WebwarePay" */ = {
			isa = XCConfigurationList;
			buildConfigurations = (
				3DEA3F932715A98400C87113 /* Debug */,
				3DEA3F942715A98400C87113 /* Release */,
			);
			defaultConfigurationIsVisible = 0;
			defaultConfigurationName = Release;
		};
		3DEA3F952715A98400C87113 /* Build configuration list for PBXNativeTarget "WebwarePayTests" */ = {
			isa = XCConfigurationList;
			buildConfigurations = (
				3DEA3F962715A98400C87113 /* Debug */,
				3DEA3F972715A98400C87113 /* Release */,
			);
			defaultConfigurationIsVisible = 0;
			defaultConfigurationName = Release;
		};
		3DEA3F982715A98400C87113 /* Build configuration list for PBXNativeTarget "WebwarePayUITests" */ = {
			isa = XCConfigurationList;
			buildConfigurations = (
				3DEA3F992715A98400C87113 /* Debug */,
				3DEA3F9A2715A98400C87113 /* Release */,
			);
			defaultConfigurationIsVisible = 0;
			defaultConfigurationName = Release;
		};
/* End XCConfigurationList section */
	};
	rootObject = 3DEA3F602715A98100C87113 /* Project object */;
}
